lockfileVersion: '9.0'

settings:
  autoInstallPeers: true
  excludeLinksFromLockfile: false

importers:

  .:
    dependencies:
      swiper:
        specifier: ^11.2.6
        version: 11.2.6

packages:

  swiper@11.2.6:
    resolution: {integrity: sha512-8aXpYKtjy3DjcbzZfz+/OX/GhcU5h+looA6PbAzHMZT6ESSycSp9nAjPCenczgJyslV+rUGse64LMGpWE3PX9Q==}
    engines: {node: '>= 4.7.0'}

snapshots:

  swiper@11.2.6: {}
